
Microsoft Visual Studio Solution File, Format Version 12.00
# Visual Studio Version 16
VisualStudioVersion = 16.0.29920.165
MinimumVisualStudioVersion = 10.0.40219.1
Project("{FAE04EC0-301F-11D3-BF4B-00C04F79EFBC}") = "EmployeeManagement", "EmployeeManagement\EmployeeManagement.csproj", "{56F5FC56-D538-4F7C-9C3E-0327E06BBE61}"
EndProject
Global
	GlobalSection(SolutionConfigurationPlatforms) = preSolution
		Debug|Any CPU = Debug|Any CPU
		Release|Any CPU = Release|Any CPU
	EndGlobalSection
	GlobalSection(ProjectConfigurationPlatforms) = postSolution
		{56F5FC56-D538-4F7C-9C3E-0327E06BBE61}.Debug|Any CPU.ActiveCfg = Debug|Any CPU
		{56F5FC56-D538-4F7C-9C3E-0327E06BBE61}.Debug|Any CPU.Build.0 = Debug|Any CPU
		{56F5FC56-D538-4F7C-9C3E-0327E06BBE61}.Release|Any CPU.ActiveCfg = Release|Any CPU
		{56F5FC56-D538-4F7C-9C3E-0327E06BBE61}.Release|Any CPU.Build.0 = Release|Any CPU
	EndGlobalSection
	GlobalSection(SolutionProperties) = preSolution
		HideSolutionNode = FALSE
	EndGlobalSection
	GlobalSection(ExtensibilityGlobals) = postSolution
		SolutionGuid = {E836BB2E-59ED-4B22-BD1B-D3766A49D148}
	EndGlobalSection
EndGlobal
